{
    "_meta": {
        "hash": {
            "sha256": "fc95fa68efd44087688a22c1096eeedd0930ae502064c9698a51437dfa37e8a3"
        },
        "pipfile-spec": 6,
        "requires": {
            "python_version": "3.14"
        },
        "sources": [
            {
                "name": "pypi",
                "url": "https://pypi.org/simple",
                "verify_ssl": true
            }
        ]
    },
    "default": {
        "faker": {
            "hashes": [
                "sha256:486d43c67ebbb136bc932406418744f9a0bdf2c07f77703ea78b58b77e9aa443",
                "sha256:76f8e74a3df28c3e2ec2caafa956e19e37a132fdc7ea067bc41783affcfee364"
            ],
            "index": "pypi",
            "markers": "python_version >= '3.10'",
            "version": "==40.4.0"
        },
        "tzdata": {
            "hashes": [
                "sha256:06a47e5700f3081aab02b2e513160914ff0694bce9947d6b76ebd6bf57cfc5d1",
                "sha256:de39c2ca5dc7b0344f2eba86f49d614019d29f060fc4ebc8a417896a620b56a7"
            ],
            "markers": "python_version >= '2'",
            "version": "==2025.3"
        }
    },
    "develop": {}
}
